// !$*UTF8*$!
{
	archiveVersion = 1;
	classes = {
	};
	objectVersion = 46;
	objects = {

/* Begin PBXBuildFile section */
		261A7F16195BB1D900718DCD /* AppDelegate.swift in Sources */ = {isa = PBXBuildFile; fileRef = 261A7F15195BB1D900718DCD /* AppDelegate.swift */; };
		261A7F18195BB1D900718DCD /* ViewController.swift in Sources */ = {isa = PBXBuildFile; fileRef = 261A7F17195BB1D900718DCD /* ViewController.swift */; };
		261A7F1B195BB1D900718DCD /* Main.storyboard in Resources */ = {isa = PBXBuildFile; fileRef = 261A7F19195BB1D900718DCD /* Main.storyboard */; };
		261A7F1D195BB1D900718DCD /* Images.xcassets in Resources */ = {isa = PBXBuildFile; fileRef = 261A7F1C195BB1D900718DCD /* Images.xcassets */; };
		261A7F29195BB1D900718DCD /* RegionMonitoringSwiftTests.swift in Sources */ = {isa = PBXBuildFile; fileRef = 261A7F28195BB1D900718DCD /* RegionMonitoringSwiftTests.swift */; };
		261A7F39195BB93100718DCD /* BeaconManager.swift in Sources */ = {isa = PBXBuildFile; fileRef = 261A7F38195BB93100718DCD /* BeaconManager.swift */; };
		261A7F3C195BB9A900718DCD /* LICENSE in Resources */ = {isa = PBXBuildFile; fileRef = 261A7F3A195BB9A900718DCD /* LICENSE */; };
		261A7F3D195BB9A900718DCD /* README.md in Sources */ = {isa = PBXBuildFile; fileRef = 261A7F3B195BB9A900718DCD /* README.md */; };
/* End PBXBuildFile section */

/* Begin PBXContainerItemProxy section */
		261A7F23195BB1D900718DCD /* PBXContainerItemProxy */ = {
			isa = PBXContainerItemProxy;
			containerPortal = 261A7F08195BB1D900718DCD /* Project object */;
			proxyType = 1;
			remoteGlobalIDString = 261A7F0F195BB1D900718DCD;
			remoteInfo = RegionMonitoringSwift;
		};
/* End PBXContainerItemProxy section */

/* Begin PBXFileReference section */
		261A7F10195BB1D900718DCD /* RegionMonitoringSwift.app */ = {isa = PBXFileReference; explicitFileType = wrapper.application; includeInIndex = 0; path = RegionMonitoringSwift.app; sourceTree = BUILT_PRODUCTS_DIR; };
		261A7F14195BB1D900718DCD /* Info.plist */ = {isa = PBXFileReference; lastKnownFileType = text.plist.xml; path = Info.plist; sourceTree = "<group>"; };
		261A7F15195BB1D900718DCD /* AppDelegate.swift */ = {isa = PBXFileReference; lastKnownFileType = sourcecode.swift; path = AppDelegate.swift; sourceTree = "<group>"; };
		261A7F17195BB1D900718DCD /* ViewController.swift */ = {isa = PBXFileReference; lastKnownFileType = sourcecode.swift; path = ViewController.swift; sourceTree = "<group>"; };
		261A7F1A195BB1D900718DCD /* Base */ = {isa = PBXFileReference; lastKnownFileType = file.storyboard; name = Base; path = Base.lproj/Main.storyboard; sourceTree = "<group>"; };
		261A7F1C195BB1D900718DCD /* Images.xcassets */ = {isa = PBXFileReference; lastKnownFileType = folder.assetcatalog; path = Images.xcassets; sourceTree = "<group>"; };
		261A7F22195BB1D900718DCD /* RegionMonitoringSwiftTests.xctest */ = {isa = PBXFileReference; explicitFileType = wrapper.cfbundle; includeInIndex = 0; path = RegionMonitoringSwiftTests.xctest; sourceTree = BUILT_PRODUCTS_DIR; };
		261A7F27195BB1D900718DCD /* Info.plist */ = {isa = PBXFileReference; lastKnownFileType = text.plist.xml; path = Info.plist; sourceTree = "<group>"; };
		261A7F28195BB1D900718DCD /* RegionMonitoringSwiftTests.swift */ = {isa = PBXFileReference; lastKnownFileType = sourcecode.swift; path = RegionMonitoringSwiftTests.swift; sourceTree = "<group>"; };
		261A7F38195BB93100718DCD /* BeaconManager.swift */ = {isa = PBXFileReference; fileEncoding = 4; lastKnownFileType = sourcecode.swift; path = BeaconManager.swift; sourceTree = "<group>"; };
		261A7F3A195BB9A900718DCD /* LICENSE */ = {isa = PBXFileReference; fileEncoding = 4; lastKnownFileType = text; path = LICENSE; sourceTree = "<group>"; };
		261A7F3B195BB9A900718DCD /* README.md */ = {isa = PBXFileReference; fileEncoding = 4; lastKnownFileType = net.daringfireball.markdown; path = README.md; sourceTree = "<group>"; };
/* End PBXFileReference section */

/* Begin PBXFrameworksBuildPhase section */
		261A7F0D195BB1D900718DCD /* Frameworks */ = {
			isa = PBXFrameworksBuildPhase;
			buildActionMask = 2147483647;
			files = (
			);
			runOnlyForDeploymentPostprocessing = 0;
		};
		261A7F1F195BB1D900718DCD /* Frameworks */ = {
			isa = PBXFrameworksBuildPhase;
			buildActionMask = 2147483647;
			files = (
			);
			runOnlyForDeploymentPostprocessing = 0;
		};
/* End PBXFrameworksBuildPhase section */

/* Begin PBXGroup section */
		261A7F07195BB1D900718DCD = {
			isa = PBXGroup;
			children = (
				261A7F3A195BB9A900718DCD /* LICENSE */,
				261A7F3B195BB9A900718DCD /* README.md */,
				261A7F12195BB1D900718DCD /* RegionMonitoringSwift */,
				261A7F25195BB1D900718DCD /* RegionMonitoringSwiftTests */,
				261A7F11195BB1D900718DCD /* Products */,
			);
			sourceTree = "<group>";
		};
		261A7F11195BB1D900718DCD /* Products */ = {
			isa = PBXGroup;
			children = (
				261A7F10195BB1D900718DCD /* RegionMonitoringSwift.app */,
				261A7F22195BB1D900718DCD /* RegionMonitoringSwiftTests.xctest */,
			);
			name = Products;
			sourceTree = "<group>";
		};
		261A7F12195BB1D900718DCD /* RegionMonitoringSwift */ = {
			isa = PBXGroup;
			children = (
				261A7F33195BB66A00718DCD /* iBeacon */,
				261A7F32195BB65F00718DCD /* UI */,
				261A7F1C195BB1D900718DCD /* Images.xcassets */,
				261A7F13195BB1D900718DCD /* Supporting Files */,
			);
			path = RegionMonitoringSwift;
			sourceTree = "<group>";
		};
		261A7F13195BB1D900718DCD /* Supporting Files */ = {
			isa = PBXGroup;
			children = (
				261A7F15195BB1D900718DCD /* AppDelegate.swift */,
				261A7F14195BB1D900718DCD /* Info.plist */,
			);
			name = "Supporting Files";
			sourceTree = "<group>";
		};
		261A7F25195BB1D900718DCD /* RegionMonitoringSwiftTests */ = {
			isa = PBXGroup;
			children = (
				261A7F28195BB1D900718DCD /* RegionMonitoringSwiftTests.swift */,
				261A7F26195BB1D900718DCD /* Supporting Files */,
			);
			path = RegionMonitoringSwiftTests;
			sourceTree = "<group>";
		};
		261A7F26195BB1D900718DCD /* Supporting Files */ = {
			isa = PBXGroup;
			children = (
				261A7F27195BB1D900718DCD /* Info.plist */,
			);
			name = "Supporting Files";
			sourceTree = "<group>";
		};
		261A7F32195BB65F00718DCD /* UI */ = {
			isa = PBXGroup;
			children = (
				261A7F19195BB1D900718DCD /* Main.storyboard */,
				261A7F17195BB1D900718DCD /* ViewController.swift */,
			);
			name = UI;
			sourceTree = "<group>";
		};
		261A7F33195BB66A00718DCD /* iBeacon */ = {
			isa = PBXGroup;
			children = (
				261A7F38195BB93100718DCD /* BeaconManager.swift */,
			);
			name = iBeacon;
			sourceTree = "<group>";
		};
/* End PBXGroup section */

/* Begin PBXNativeTarget section */
		261A7F0F195BB1D900718DCD /* RegionMonitoringSwift */ = {
			isa = PBXNativeTarget;
			buildConfigurationList = 261A7F2C195BB1D900718DCD /* Build configuration list for PBXNativeTarget "RegionMonitoringSwift" */;
			buildPhases = (
				261A7F0C195BB1D900718DCD /* Sources */,
				261A7F0D195BB1D900718DCD /* Frameworks */,
				261A7F0E195BB1D900718DCD /* Resources */,
			);
			buildRules = (
			);
			dependencies = (
			);
			name = RegionMonitoringSwift;
			productName = RegionMonitoringSwift;
			productReference = 261A7F10195BB1D900718DCD /* RegionMonitoringSwift.app */;
			productType = "com.apple.product-type.application";
		};
		261A7F21195BB1D900718DCD /* RegionMonitoringSwiftTests */ = {
			isa = PBXNativeTarget;
			buildConfigurationList = 261A7F2F195BB1D900718DCD /* Build configuration list for PBXNativeTarget "RegionMonitoringSwiftTests" */;
			buildPhases = (
				261A7F1E195BB1D900718DCD /* Sources */,
				261A7F1F195BB1D900718DCD /* Frameworks */,
				261A7F20195BB1D900718DCD /* Resources */,
			);
			buildRules = (
			);
			dependencies = (
				261A7F24195BB1D900718DCD /* PBXTargetDependency */,
			);
			name = RegionMonitoringSwiftTests;
			productName = RegionMonitoringSwiftTests;
			productReference = 261A7F22195BB1D900718DCD /* RegionMonitoringSwiftTests.xctest */;
			productType = "com.apple.product-type.bundle.unit-test";
		};
/* End PBXNativeTarget section */

/* Begin PBXProject section */
		261A7F08195BB1D900718DCD /* Project object */ = {
			isa = PBXProject;
			attributes = {
				LastUpgradeCheck = 0600;
				ORGANIZATIONNAME = "Nicolas Flacco";
				TargetAttributes = {
					261A7F0F195BB1D900718DCD = {
						CreatedOnToolsVersion = 6.0;
						SystemCapabilities = {
							com.apple.BackgroundModes = {
								enabled = 1;
							};
						};
					};
					261A7F21195BB1D900718DCD = {
						CreatedOnToolsVersion = 6.0;
						TestTargetID = 261A7F0F195BB1D900718DCD;
					};
				};
			};
			buildConfigurationList = 261A7F0B195BB1D900718DCD /* Build configuration list for PBXProject "RegionMonitoringSwift" */;
			compatibilityVersion = "Xcode 3.2";
			developmentRegion = English;
			hasScannedForEncodings = 0;
			knownRegions = (
				en,
				Base,
			);
			mainGroup = 261A7F07195BB1D900718DCD;
			productRefGroup = 261A7F11195BB1D900718DCD /* Products */;
			projectDirPath = "";
			projectRoot = "";
			targets = (
				261A7F0F195BB1D900718DCD /* RegionMonitoringSwift */,
				261A7F21195BB1D900718DCD /* RegionMonitoringSwiftTests */,
			);
		};
/* End PBXProject section */

/* Begin PBXResourcesBuildPhase section */
		261A7F0E195BB1D900718DCD /* Resources */ = {
			isa = PBXResourcesBuildPhase;
			buildActionMask = 2147483647;
			files = (
				261A7F3C195BB9A900718DCD /* LICENSE in Resources */,
				261A7F1B195BB1D900718DCD /* Main.storyboard in Resources */,
				261A7F1D195BB1D900718DCD /* Images.xcassets in Resources */,
			);
			runOnlyForDeploymentPostprocessing = 0;
		};
		261A7F20195BB1D900718DCD /* Resources */ = {
			isa = PBXResourcesBuildPhase;
			buildActionMask = 2147483647;
			files = (
			);
			runOnlyForDeploymentPostprocessing = 0;
		};
/* End PBXResourcesBuildPhase section */

/* Begin PBXSourcesBuildPhase section */
		261A7F0C195BB1D900718DCD /* Sources */ = {
			isa = PBXSourcesBuildPhase;
			buildActionMask = 2147483647;
			files = (
				261A7F18195BB1D900718DCD /* ViewController.swift in Sources */,
				261A7F39195BB93100718DCD /* BeaconManager.swift in Sources */,
				261A7F3D195BB9A900718DCD /* README.md in Sources */,
				261A7F16195BB1D900718DCD /* AppDelegate.swift in Sources */,
			);
			runOnlyForDeploymentPostprocessing = 0;
		};
		261A7F1E195BB1D900718DCD /* Sources */ = {
			isa = PBXSourcesBuildPhase;
			buildActionMask = 2147483647;
			files = (
				261A7F29195BB1D900718DCD /* RegionMonitoringSwiftTests.swift in Sources */,
			);
			runOnlyForDeploymentPostprocessing = 0;
		};
/* End PBXSourcesBuildPhase section */

/* Begin PBXTargetDependency section */
		261A7F24195BB1D900718DCD /* PBXTargetDependency */ = {
			isa = PBXTargetDependency;
			target = 261A7F0F195BB1D900718DCD /* RegionMonitoringSwift */;
			targetProxy = 261A7F23195BB1D900718DCD /* PBXContainerItemProxy */;
		};
/* End PBXTargetDependency section */

/* Begin PBXVariantGroup section */
		261A7F19195BB1D900718DCD /* Main.storyboard */ = {
			isa = PBXVariantGroup;
			children = (
				261A7F1A195BB1D900718DCD /* Base */,
			);
			name = Main.storyboard;
			sourceTree = "<group>";
		};
/* End PBXVariantGroup section */

/* Begin XCBuildConfiguration section */
		261A7F2A195BB1D900718DCD /* Debug */ = {
			isa = XCBuildConfiguration;
			buildSettings = {
				ALWAYS_SEARCH_USER_PATHS = NO;
				CLANG_CXX_LANGUAGE_STANDARD = "gnu++0x";
				CLANG_CXX_LIBRARY = "libc++";
				CLANG_ENABLE_MODULES = YES;
				CLANG_ENABLE_OBJC_ARC = YES;
				CLANG_WARN_BOOL_CONVERSION = YES;
				CLANG_WARN_CONSTANT_CONVERSION = YES;
				CLANG_WARN_DIRECT_OBJC_ISA_USAGE = YES_ERROR;
				CLANG_WARN_EMPTY_BODY = YES;
				CLANG_WARN_ENUM_CONVERSION = YES;
				CLANG_WARN_INT_CONVERSION = YES;
				CLANG_WARN_OBJC_ROOT_CLASS = YES_ERROR;
				CLANG_WARN_UNREACHABLE_CODE = YES;
				CLANG_WARN__DUPLICATE_METHOD_MATCH = YES;
				"CODE_SIGN_IDENTITY[sdk=iphoneos*]" = "iPhone Developer";
				COPY_PHASE_STRIP = NO;
				ENABLE_STRICT_OBJC_MSGSEND = YES;
				GCC_C_LANGUAGE_STANDARD = gnu99;
				GCC_DYNAMIC_NO_PIC = NO;
				GCC_OPTIMIZATION_LEVEL = 0;
				GCC_PREPROCESSOR_DEFINITIONS = (
					"DEBUG=1",
					"$(inherited)",
				);
				GCC_SYMBOLS_PRIVATE_EXTERN = NO;
				GCC_WARN_64_TO_32_BIT_CONVERSION = YES;
				GCC_WARN_ABOUT_RETURN_TYPE = YES_ERROR;
				GCC_WARN_UNDECLARED_SELECTOR = YES;
				GCC_WARN_UNINITIALIZED_AUTOS = YES_AGGRESSIVE;
				GCC_WARN_UNUSED_FUNCTION = YES;
				GCC_WARN_UNUSED_VARIABLE = YES;
				IPHONEOS_DEPLOYMENT_TARGET = 8.0;
				METAL_ENABLE_DEBUG_INFO = YES;
				ONLY_ACTIVE_ARCH = YES;
				SDKROOT = iphoneos;
				SWIFT_OPTIMIZATION_LEVEL = "-Onone";
				TARGETED_DEVICE_FAMILY = "1,2";
			};
			name = Debug;
		};
		261A7F2B195BB1D900718DCD /* Release */ = {
			isa = XCBuildConfiguration;
			buildSettings = {
				ALWAYS_SEARCH_USER_PATHS = NO;
				CLANG_CXX_LANGUAGE_STANDARD = "gnu++0x";
				CLANG_CXX_LIBRARY = "libc++";
				CLANG_ENABLE_MODULES = YES;
				CLANG_ENABLE_OBJC_ARC = YES;
				CLANG_WARN_BOOL_CONVERSION = YES;
				CLANG_WARN_CONSTANT_CONVERSION = YES;
				CLANG_WARN_DIRECT_OBJC_ISA_USAGE = YES_ERROR;
				CLANG_WARN_EMPTY_BODY = YES;
				CLANG_WARN_ENUM_CONVERSION = YES;
				CLANG_WARN_INT_CONVERSION = YES;
				CLANG_WARN_OBJC_ROOT_CLASS = YES_ERROR;
				CLANG_WARN_UNREACHABLE_CODE = YES;
				CLANG_WARN__DUPLICATE_METHOD_MATCH = YES;
				"CODE_SIGN_IDENTITY[sdk=iphoneos*]" = "iPhone Developer";
				COPY_PHASE_STRIP = YES;
				ENABLE_NS_ASSERTIONS = NO;
				ENABLE_STRICT_OBJC_MSGSEND = YES;
				GCC_C_LANGUAGE_STANDARD = gnu99;
				GCC_WARN_64_TO_32_BIT_CONVERSION = YES;
				GCC_WARN_ABOUT_RETURN_TYPE = YES_ERROR;
				GCC_WARN_UNDECLARED_SELECTOR = YES;
				GCC_WARN_UNINITIALIZED_AUTOS = YES_AGGRESSIVE;
				GCC_WARN_UNUSED_FUNCTION = YES;
				GCC_WARN_UNUSED_VARIABLE = YES;
				IPHONEOS_DEPLOYMENT_TARGET = 8.0;
				METAL_ENABLE_DEBUG_INFO = NO;
				SDKROOT = iphoneos;
				TARGETED_DEVICE_FAMILY = "1,2";
				VALIDATE_PRODUCT = YES;
			};
			name = Release;
		};
		261A7F2D195BB1D900718DCD /* Debug */ = {
			isa = XCBuildConfiguration;
			buildSettings = {
				ASSETCATALOG_COMPILER_APPICON_NAME = AppIcon;
				ASSETCATALOG_COMPILER_LAUNCHIMAGE_NAME = LaunchImage;
				INFOPLIST_FILE = RegionMonitoringSwift/Info.plist;
				IPHONEOS_DEPLOYMENT_TARGET = 7.1;
				LD_RUNPATH_SEARCH_PATHS = "$(inherited) @executable_path/Frameworks";
				PRODUCT_NAME = "$(TARGET_NAME)";
			};
			name = Debug;
		};
		261A7F2E195BB1D900718DCD /* Release */ = {
			isa = XCBuildConfiguration;
			buildSettings = {
				ASSETCATALOG_COMPILER_APPICON_NAME = AppIcon;
				ASSETCATALOG_COMPILER_LAUNCHIMAGE_NAME = LaunchImage;
				INFOPLIST_FILE = RegionMonitoringSwift/Info.plist;
				IPHONEOS_DEPLOYMENT_TARGET = 7.1;
				LD_RUNPATH_SEARCH_PATHS = "$(inherited) @executable_path/Frameworks";
				PRODUCT_NAME = "$(TARGET_NAME)";
			};
			name = Release;
		};
		261A7F30195BB1D900718DCD /* Debug */ = {
			isa = XCBuildConfiguration;
			buildSettings = {
				BUNDLE_LOADER = "$(BUILT_PRODUCTS_DIR)/RegionMonitoringSwift.app/RegionMonitoringSwift";
				FRAMEWORK_SEARCH_PATHS = (
					"$(SDKROOT)/Developer/Library/Frameworks",
					"$(inherited)",
				);
				GCC_PREPROCESSOR_DEFINITIONS = (
					"DEBUG=1",
					"$(inherited)",
				);
				INFOPLIST_FILE = RegionMonitoringSwiftTests/Info.plist;
				LD_RUNPATH_SEARCH_PATHS = "$(inherited) @executable_path/Frameworks @loader_path/Frameworks";
				METAL_ENABLE_DEBUG_INFO = YES;
				PRODUCT_NAME = "$(TARGET_NAME)";
				TEST_HOST = "$(BUNDLE_LOADER)";
			};
			name = Debug;
		};
		261A7F31195BB1D900718DCD /* Release */ = {
			isa = XCBuildConfiguration;
			buildSettings = {
				BUNDLE_LOADER = "$(BUILT_PRODUCTS_DIR)/RegionMonitoringSwift.app/RegionMonitoringSwift";
				FRAMEWORK_SEARCH_PATHS = (
					"$(SDKROOT)/Developer/Library/Frameworks",
					"$(inherited)",
				);
				INFOPLIST_FILE = RegionMonitoringSwiftTests/Info.plist;
				LD_RUNPATH_SEARCH_PATHS = "$(inherited) @executable_path/Frameworks @loader_path/Frameworks";
				METAL_ENABLE_DEBUG_INFO = NO;
				PRODUCT_NAME = "$(TARGET_NAME)";
				TEST_HOST = "$(BUNDLE_LOADER)";
			};
			name = Release;
		};
/* End XCBuildConfiguration section */

/* Begin XCConfigurationList section */
		261A7F0B195BB1D900718DCD /* Build configuration list for PBXProject "RegionMonitoringSwift" */ = {
			isa = XCConfigurationList;
			buildConfigurations = (
				261A7F2A195BB1D900718DCD /* Debug */,
				261A7F2B195BB1D900718DCD /* Release */,
			);
			defaultConfigurationIsVisible = 0;
			defaultConfigurationName = Release;
		};
		261A7F2C195BB1D900718DCD /* Build configuration list for PBXNativeTarget "RegionMonitoringSwift" */ = {
			isa = XCConfigurationList;
			buildConfigurations = (
				261A7F2D195BB1D900718DCD /* Debug */,
				261A7F2E195BB1D900718DCD /* Release */,
			);
			defaultConfigurationIsVisible = 0;
			defaultConfigurationName = Release;
		};
		261A7F2F195BB1D900718DCD /* Build configuration list for PBXNativeTarget "RegionMonitoringSwiftTests" */ = {
			isa = XCConfigurationList;
			buildConfigurations = (
				261A7F30195BB1D900718DCD /* Debug */,
				261A7F31195BB1D900718DCD /* Release */,
			);
			defaultConfigurationIsVisible = 0;
			defaultConfigurationName = Release;
		};
/* End XCConfigurationList section */
	};
	rootObject = 261A7F08195BB1D900718DCD /* Project object */;
}
